
Microsoft Visual Studio Solution File, Format Version 12.00
# Visual Studio Version 17
VisualStudioVersion = 17.11.35312.102
MinimumVisualStudioVersion = 10.0.40219.1
Project("{FAE04EC0-301F-11D3-BF4B-00C04F79EFBC}") = "Matrix", "Matrix\Matrix.csproj", "{03F87D2A-02DD-4EF7-ADE4-4123B5552EAA}"
EndProject
Global
	GlobalSection(SolutionConfigurationPlatforms) = preSolution
		Debug|Any CPU = Debug|Any CPU
		Release|Any CPU = Release|Any CPU
	EndGlobalSection
	GlobalSection(ProjectConfigurationPlatforms) = postSolution
		{03F87D2A-02DD-4EF7-ADE4-4123B5552EAA}.Debug|Any CPU.ActiveCfg = Debug|Any CPU
		{03F87D2A-02DD-4EF7-ADE4-4123B5552EAA}.Debug|Any CPU.Build.0 = Debug|Any CPU
		{03F87D2A-02DD-4EF7-ADE4-4123B5552EAA}.Release|Any CPU.ActiveCfg = Release|Any CPU
		{03F87D2A-02DD-4EF7-ADE4-4123B5552EAA}.Release|Any CPU.Build.0 = Release|Any CPU
	EndGlobalSection
	GlobalSection(SolutionProperties) = preSolution
		HideSolutionNode = FALSE
	EndGlobalSection
	GlobalSection(ExtensibilityGlobals) = postSolution
		SolutionGuid = {D238CE02-D94C-45D0-9A90-74D86E88989E}
	EndGlobalSection
EndGlobal
